PODS:
  - GoogleMaps (3.6.0):
    - GoogleMaps/Maps (= 3.6.0)
  - GoogleMaps/Base (3.6.0)
  - GoogleMaps/Maps (3.6.0):
    - GoogleMaps/Base
  - GooglePlaces (3.6.0):
    - GoogleMaps/Base (= 3.6.0)
  - SnapKit (4.2.0)

DEPENDENCIES:
  - GoogleMaps
  - GooglePlaces
  - SnapKit

SPEC REPOS:
  trunk:
    - GoogleMaps
    - GooglePlaces
    - SnapKit

SPEC CHECKSUMS:
  GoogleMaps: 82f8fe307193bb4de6ef6bf9e88f1d624b718f9d
  GooglePlaces: 1b9d29cf3e164903d873600f511f42acdfe85294
  SnapKit: fe8a619752f3f27075cc9a90244d75c6c3f27e2a

PODFILE CHECKSUM: 0c45f909684e19373e7dc1f1cc482f2e8d4a8126

COCOAPODS: 1.8.3
